{
    "name": "dmonzon-jog-wheel-tmp",
    "version": "0.1.0",
    "lockfileVersion": 1,
    "requires": true,
    "dependencies": {
        "abbrev": {
            "version": "1.1.0",
            "resolved": "https://registry.npmjs.org/abbrev/-/abbrev-1.1.0.tgz",
            "integrity": "sha1-0FVMIlZjbi9W58LlrRg/hZQo2B8=",
            "dev": true
        },
        "ansi-styles": {
            "version": "3.2.0",
            "resolved": "https://registry.npmjs.org/ansi-styles/-/ansi-styles-3.2.0.tgz",
            "integrity": "sha512-NnSOmMEYtVR2JVMIGTzynRkkaxtiq1xnFBcdQD/DnNCYPoEPsVJhM98BDyaoNOQIi7p4okdi3E27eN7GQbsUug==",
            "dev": true,
            "requires": {
                "color-convert": "1.9.0"
            }
        },
        "balanced-match": {
            "version": "1.0.0",
            "resolved": "https://registry.npmjs.org/balanced-match/-/balanced-match-1.0.0.tgz",
            "integrity": "sha1-ibTRmasr7kneFk6gK4nORi1xt2c="
        },
        "bluebird": {
            "version": "3.4.7",
            "resolved": "https://registry.npmjs.org/bluebird/-/bluebird-3.4.7.tgz",
            "integrity": "sha1-9y12C+Cbf3bQjtj66Ysomo0F+rM="
        },
        "brace-expansion": {
            "version": "1.1.8",
            "resolved": "https://registry.npmjs.org/brace-expansion/-/brace-expansion-1.1.8.tgz",
            "integrity": "sha1-wHshHHyVLsH479Uad+8NHTmQopI=",
            "requires": {
                "balanced-match": "1.0.0",
                "concat-map": "0.0.1"
            }
        },
        "chalk": {
            "version": "2.1.0",
            "resolved": "https://registry.npmjs.org/chalk/-/chalk-2.1.0.tgz",
            "integrity": "sha512-LUHGS/dge4ujbXMJrnihYMcL4AoOweGnw9Tp3kQuqy1Kx5c1qKjqvMJZ6nVJPMWJtKCTN72ZogH3oeSO9g9rXQ==",
            "dev": true,
            "requires": {
                "ansi-styles": "3.2.0",
                "escape-string-regexp": "1.0.5",
                "supports-color": "4.4.0"
            }
        },
        "cli": {
            "version": "1.0.1",
            "resolved": "https://registry.npmjs.org/cli/-/cli-1.0.1.tgz",
            "integrity": "sha1-IoF1NPJL+klQw01TLUjsvGIbjBQ=",
            "requires": {
                "exit": "0.1.2",
                "glob": "7.1.2"
            }
        },
        "collections": {
            "version": "5.0.7",
            "resolved": "https://registry.npmjs.org/collections/-/collections-5.0.7.tgz",
            "integrity": "sha1-NH54v+mdPlo4ZLbf3HvOTkAcvlQ=",
            "requires": {
                "weak-map": "1.0.5"
            }
        },
        "color-convert": {
            "version": "1.9.0",
            "resolved": "https://registry.npmjs.org/color-convert/-/color-convert-1.9.0.tgz",
            "integrity": "sha1-Gsz5fdc5uYO/mU1W/sj5WFNkG3o=",
            "dev": true,
            "requires": {
                "color-name": "1.1.3"
            }
        },
        "color-name": {
            "version": "1.1.3",
            "resolved": "https://registry.npmjs.org/color-name/-/color-name-1.1.3.tgz",
            "integrity": "sha1-p9BVi9icQveV3UIyj3QIMcpTvCU=",
            "dev": true
        },
        "commander": {
            "version": "2.11.0",
            "resolved": "https://registry.npmjs.org/commander/-/commander-2.11.0.tgz",
            "integrity": "sha512-b0553uYA5YAEGgyYIGYROzKQ7X5RAqedkfjiZxwi0kL1g3bOaBNNZfYkzt/CL0umgD5wc9Jec2FbB98CjkMRvQ==",
            "dev": true
        },
        "concat-map": {
            "version": "0.0.1",
            "resolved": "https://registry.npmjs.org/concat-map/-/concat-map-0.0.1.tgz",
            "integrity": "sha1-2Klr13/Wjfd5OnMDajug1UBdR3s="
        },
        "config-chain": {
            "version": "1.1.11",
            "resolved": "https://registry.npmjs.org/config-chain/-/config-chain-1.1.11.tgz",
            "integrity": "sha1-q6CXR9++TD5w52am5BWG4YWfxvI=",
            "dev": true,
            "requires": {
                "ini": "1.3.4",
                "proto-list": "1.2.4"
            }
        },
        "console-browserify": {
            "version": "1.1.0",
            "resolved": "https://registry.npmjs.org/console-browserify/-/console-browserify-1.1.0.tgz",
            "integrity": "sha1-8CQcRXMKn8YyOyBtvzjtx0HQuxA=",
            "requires": {
                "date-now": "0.1.4"
            }
        },
        "core-util-is": {
            "version": "1.0.2",
            "resolved": "https://registry.npmjs.org/core-util-is/-/core-util-is-1.0.2.tgz",
            "integrity": "sha1-tf1UIgqivFq1eqtxQMlAdUUDwac="
        },
        "date-now": {
            "version": "0.1.4",
            "resolved": "https://registry.npmjs.org/date-now/-/date-now-0.1.4.tgz",
            "integrity": "sha1-6vQ5/U1ISK105cx9vvIAZyueNFs="
        },
        "dom-serializer": {
            "version": "0.1.0",
            "resolved": "https://registry.npmjs.org/dom-serializer/-/dom-serializer-0.1.0.tgz",
            "integrity": "sha1-BzxpdUbOB4DOI75KKOKT5AvDDII=",
            "requires": {
                "domelementtype": "1.1.3",
                "entities": "1.1.1"
            },
            "dependencies": {
                "domelementtype": {
                    "version": "1.1.3",
                    "resolved": "https://registry.npmjs.org/domelementtype/-/domelementtype-1.1.3.tgz",
                    "integrity": "sha1-vSh3PiZCiBrsUVRJJCmcXNgiGFs="
                },
                "entities": {
                    "version": "1.1.1",
                    "resolved": "https://registry.npmjs.org/entities/-/entities-1.1.1.tgz",
                    "integrity": "sha1-blwtClYhtdra7O+AuQ7ftc13cvA="
                }
            }
        },
        "domelementtype": {
            "version": "1.3.0",
            "resolved": "https://registry.npmjs.org/domelementtype/-/domelementtype-1.3.0.tgz",
            "integrity": "sha1-sXrtguirWeUt2cGbF1bg/BhyBMI="
        },
        "domhandler": {
            "version": "2.0.3",
            "resolved": "https://registry.npmjs.org/domhandler/-/domhandler-2.0.3.tgz",
            "integrity": "sha1-iJ+N9iZAOvB4jinWbV1cb36/D9Y=",
            "requires": {
                "domelementtype": "1.3.0"
            }
        },
        "domutils": {
            "version": "1.1.6",
            "resolved": "https://registry.npmjs.org/domutils/-/domutils-1.1.6.tgz",
            "integrity": "sha1-vdw94Jm5ou+sxRxiPyj0FuzFdIU=",
            "requires": {
                "domelementtype": "1.3.0"
            }
        },
        "editorconfig": {
            "version": "0.13.3",
            "resolved": "https://registry.npmjs.org/editorconfig/-/editorconfig-0.13.3.tgz",
            "integrity": "sha512-WkjsUNVCu+ITKDj73QDvi0trvpdDWdkDyHybDGSXPfekLCqwmpD7CP7iPbvBgosNuLcI96XTDwNa75JyFl7tEQ==",
            "dev": true,
            "requires": {
                "bluebird": "3.4.7",
                "commander": "2.11.0",
                "lru-cache": "3.2.0",
                "semver": "5.4.1",
                "sigmund": "1.0.1"
            }
        },
        "entities": {
            "version": "1.0.0",
            "resolved": "https://registry.npmjs.org/entities/-/entities-1.0.0.tgz",
            "integrity": "sha1-sph6o4ITR/zeZCsk/fyeT7cSvyY="
        },
        "escape-string-regexp": {
            "version": "1.0.5",
            "resolved": "https://registry.npmjs.org/escape-string-regexp/-/escape-string-regexp-1.0.5.tgz",
            "integrity": "sha1-G2HAViGQqN/2rjuyzwIAyhMLhtQ=",
            "dev": true
        },
        "exit": {
            "version": "0.1.2",
            "resolved": "https://registry.npmjs.org/exit/-/exit-0.1.2.tgz",
            "integrity": "sha1-BjJjj42HfMghB9MKD/8aF8uhzQw="
        },
        "frb": {
            "version": "4.0.1",
            "resolved": "https://registry.npmjs.org/frb/-/frb-4.0.1.tgz",
            "integrity": "sha1-z0Y3WWFRaeezOuL2b29SraiqAcc=",
            "requires": {
                "collections": "5.0.7"
            }
        },
        "fs.realpath": {
            "version": "1.0.0",
            "resolved": "https://registry.npmjs.org/fs.realpath/-/fs.realpath-1.0.0.tgz",
            "integrity": "sha1-FQStJSMVjKpA20onh8sBQRmU6k8="
        },
        "glob": {
            "version": "7.1.2",
            "resolved": "https://registry.npmjs.org/glob/-/glob-7.1.2.tgz",
            "integrity": "sha512-MJTUg1kjuLeQCJ+ccE4Vpa6kKVXkPYJ2mOCQyUuKLcLQsdrMCpBPUi8qVE6+YuaJkozeA9NusTAw3hLr8Xe5EQ==",
            "requires": {
                "fs.realpath": "1.0.0",
                "inflight": "1.0.6",
                "inherits": "2.0.3",
                "minimatch": "3.0.4",
                "once": "1.4.0",
                "path-is-absolute": "1.0.1"
            }
        },
        "has-flag": {
            "version": "2.0.0",
            "resolved": "https://registry.npmjs.org/has-flag/-/has-flag-2.0.0.tgz",
            "integrity": "sha1-6CB68cx7MNRGzHC3NLXovhj4jVE=",
            "dev": true
        },
        "htmlparser2": {
            "version": "3.0.5",
            "resolved": "https://registry.npmjs.org/htmlparser2/-/htmlparser2-3.0.5.tgz",
            "integrity": "sha1-fzBgjLeAnzX/fG3YDinCR6p9r18=",
            "requires": {
                "domelementtype": "1.3.0",
                "domhandler": "2.0.3",
                "domutils": "1.1.6",
                "readable-stream": "1.0.34"
            }
        },
        "inflight": {
            "version": "1.0.6",
            "resolved": "https://registry.npmjs.org/inflight/-/inflight-1.0.6.tgz",
            "integrity": "sha1-Sb1jMdfQLQwJvJEKEHW6gWW1bfk=",
            "requires": {
                "once": "1.4.0",
                "wrappy": "1.0.2"
            }
        },
        "inherits": {
            "version": "2.0.3",
            "resolved": "https://registry.npmjs.org/inherits/-/inherits-2.0.3.tgz",
            "integrity": "sha1-Yzwsg+PaQqUC9SRmAiSA9CCCYd4="
        },
        "ini": {
            "version": "1.3.4",
            "resolved": "https://registry.npmjs.org/ini/-/ini-1.3.4.tgz",
            "integrity": "sha1-BTfLedr1m1mhpRff9wbIbsA5Fi4=",
            "dev": true
        },
        "isarray": {
            "version": "0.0.1",
            "resolved": "https://registry.npmjs.org/isarray/-/isarray-0.0.1.tgz",
            "integrity": "sha1-ihis/Kmo9Bd+Cav8YDiTmwXR7t8="
        },
        "jasmine-console-reporter": {
            "version": "1.2.8",
            "resolved": "https://registry.npmjs.org/jasmine-console-reporter/-/jasmine-console-reporter-1.2.8.tgz",
            "integrity": "sha1-2JPJwMElcn7Xd3Cc9Hh2gNBRU5Y=",
            "dev": true,
            "requires": {
                "chalk": "2.1.0"
            }
        },
        "jasmine-core": {
            "version": "2.8.0",
            "resolved": "https://registry.npmjs.org/jasmine-core/-/jasmine-core-2.8.0.tgz",
            "integrity": "sha1-vMl5rh+f0FcB5F5S5l06XWPxok4=",
            "dev": true
        },
        "js-beautify": {
            "version": "1.6.14",
            "resolved": "https://registry.npmjs.org/js-beautify/-/js-beautify-1.6.14.tgz",
            "integrity": "sha1-07j3Mi0CuSd9WL0jgmTDJ+WARM0=",
            "dev": true,
            "requires": {
                "config-chain": "1.1.11",
                "editorconfig": "0.13.3",
                "mkdirp": "0.5.1",
                "nopt": "3.0.6"
            }
        },
        "jshint": {
            "version": "2.9.5",
            "resolved": "https://registry.npmjs.org/jshint/-/jshint-2.9.5.tgz",
            "integrity": "sha1-HnJSkVzmgbQIJ+4UJIxG006apiw=",
            "requires": {
                "cli": "1.0.1",
                "console-browserify": "1.1.0",
                "exit": "0.1.2",
                "htmlparser2": "3.8.3",
                "lodash": "3.7.0",
                "minimatch": "3.0.4",
                "shelljs": "0.3.0",
                "strip-json-comments": "1.0.4"
            },
            "dependencies": {
                "domhandler": {
                    "version": "2.3.0",
                    "resolved": "https://registry.npmjs.org/domhandler/-/domhandler-2.3.0.tgz",
                    "integrity": "sha1-LeWaCCLVAn+r/28DLCsloqir5zg=",
                    "requires": {
                        "domelementtype": "1.3.0"
                    }
                },
                "domutils": {
                    "version": "1.5.1",
                    "resolved": "https://registry.npmjs.org/domutils/-/domutils-1.5.1.tgz",
                    "integrity": "sha1-3NhIiib1Y9YQeeSMn3t+Mjc2gs8=",
                    "requires": {
                        "dom-serializer": "0.1.0",
                        "domelementtype": "1.3.0"
                    }
                },
                "htmlparser2": {
                    "version": "3.8.3",
                    "resolved": "https://registry.npmjs.org/htmlparser2/-/htmlparser2-3.8.3.tgz",
                    "integrity": "sha1-mWwosZFRaovoZQGn15dX5ccMEGg=",
                    "requires": {
                        "domelementtype": "1.3.0",
                        "domhandler": "2.3.0",
                        "domutils": "1.5.1",
                        "entities": "1.0.0",
                        "readable-stream": "1.1.14"
                    }
                },
                "lodash": {
                    "version": "3.7.0",
                    "resolved": "https://registry.npmjs.org/lodash/-/lodash-3.7.0.tgz",
                    "integrity": "sha1-Nni9irmVBXwHreg27S7wh9qBHUU="
                },
                "readable-stream": {
                    "version": "1.1.14",
                    "resolved": "https://registry.npmjs.org/readable-stream/-/readable-stream-1.1.14.tgz",
                    "integrity": "sha1-fPTFTvZI44EwhMY23SB54WbAgdk=",
                    "requires": {
                        "core-util-is": "1.0.2",
                        "inherits": "2.0.3",
                        "isarray": "0.0.1",
                        "string_decoder": "0.10.31"
                    }
                }
            }
        },
        "lodash": {
            "version": "4.17.4",
            "resolved": "https://registry.npmjs.org/lodash/-/lodash-4.17.4.tgz",
            "integrity": "sha1-eCA6TRwyiuHYbcpkYONptX9AVa4="
        },
        "lru-cache": {
            "version": "3.2.0",
            "resolved": "https://registry.npmjs.org/lru-cache/-/lru-cache-3.2.0.tgz",
            "integrity": "sha1-cXibO39Tmb7IVl3aOKow0qCX7+4=",
            "dev": true,
            "requires": {
                "pseudomap": "1.0.2"
            }
        },
        "mime": {
            "version": "1.4.0",
            "resolved": "https://registry.npmjs.org/mime/-/mime-1.4.0.tgz",
            "integrity": "sha512-n9ChLv77+QQEapYz8lV+rIZAW3HhAPW2CXnzb1GN5uMkuczshwvkW7XPsbzU0ZQN3sP47Er2KVkp2p3KyqZKSQ=="
        },
        "mimeparse": {
            "version": "0.1.4",
            "resolved": "https://registry.npmjs.org/mimeparse/-/mimeparse-0.1.4.tgz",
            "integrity": "sha1-2vsCdSNw/SJgk64xUsJxrwGsJUo="
        },
        "minimatch": {
            "version": "3.0.4",
            "resolved": "https://registry.npmjs.org/minimatch/-/minimatch-3.0.4.tgz",
            "integrity": "sha512-yJHVQEhyqPLUTgt9B83PXu6W3rx4MvvHvSUvToogpwoGDOUQ+yDrR0HRot+yOCdCO7u4hX3pWft6kWBBcqh0UA==",
            "requires": {
                "brace-expansion": "1.1.8"
            }
        },
        "minimist": {
            "version": "0.0.8",
            "resolved": "https://registry.npmjs.org/minimist/-/minimist-0.0.8.tgz",
            "integrity": "sha1-hX/Kv8M5fSYluCKCYuhqp6ARsF0=",
            "dev": true
        },
        "mkdirp": {
            "version": "0.5.1",
            "resolved": "https://registry.npmjs.org/mkdirp/-/mkdirp-0.5.1.tgz",
            "integrity": "sha1-MAV0OOrGz3+MR2fzhkjWaX11yQM=",
            "dev": true,
            "requires": {
                "minimist": "0.0.8"
            }
        },
        "montage": {
            "version": "github:montagejs/montage#f730fd9e6afb841b59c0e31efe35efc5949f3e61",
            "requires": {
                "bluebird": "3.4.7",
                "collections": "5.0.7",
                "frb": "4.0.1",
                "htmlparser2": "3.0.5",
                "jshint": "2.9.5",
                "lodash": "4.17.4",
                "mr": "17.0.7",
                "proxy-polyfill": "0.1.7",
                "q-io": "1.13.4"
            }
        },
        "montage-testing": {
            "version": "github:montagejs/montage-testing#6a456912039284b23482a5e55069eb52e91c4ab9",
            "dev": true,
            "requires": {
                "jasmine-console-reporter": "1.2.8",
                "jasmine-core": "2.8.0",
                "js-beautify": "1.6.14",
                "montage": "github:montagejs/montage#f730fd9e6afb841b59c0e31efe35efc5949f3e61"
            }
        },
        "mr": {
            "version": "17.0.7",
            "resolved": "https://registry.npmjs.org/mr/-/mr-17.0.7.tgz",
            "integrity": "sha1-lQHZdUc/A2c3+CdiUTzCNJv8kYg=",
            "requires": {
                "bluebird": "3.4.7"
            }
        },
        "nopt": {
            "version": "3.0.6",
            "resolved": "https://registry.npmjs.org/nopt/-/nopt-3.0.6.tgz",
            "integrity": "sha1-xkZdvwirzU2zWTF/eaxopkayj/k=",
            "dev": true,
            "requires": {
                "abbrev": "1.1.0"
            }
        },
        "once": {
            "version": "1.4.0",
            "resolved": "https://registry.npmjs.org/once/-/once-1.4.0.tgz",
            "integrity": "sha1-WDsap3WWHUsROsF9nFC6753Xa9E=",
            "requires": {
                "wrappy": "1.0.2"
            }
        },
        "path-is-absolute": {
            "version": "1.0.1",
            "resolved": "https://registry.npmjs.org/path-is-absolute/-/path-is-absolute-1.0.1.tgz",
            "integrity": "sha1-F0uSaHNVNP+8es5r9TpanhtcX18="
        },
        "proto-list": {
            "version": "1.2.4",
            "resolved": "https://registry.npmjs.org/proto-list/-/proto-list-1.2.4.tgz",
            "integrity": "sha1-IS1b/hMYMGpCD2QCuOJv85ZHqEk=",
            "dev": true
        },
        "proxy-polyfill": {
            "version": "0.1.7",
            "resolved": "https://registry.npmjs.org/proxy-polyfill/-/proxy-polyfill-0.1.7.tgz",
            "integrity": "sha1-HAb+ELC2BueSaOFNRSiVLmQDbTk="
        },
        "pseudomap": {
            "version": "1.0.2",
            "resolved": "https://registry.npmjs.org/pseudomap/-/pseudomap-1.0.2.tgz",
            "integrity": "sha1-8FKijacOYYkX7wqKw0wa5aaChrM=",
            "dev": true
        },
        "q": {
            "version": "1.5.0",
            "resolved": "https://registry.npmjs.org/q/-/q-1.5.0.tgz",
            "integrity": "sha1-3QG6ydBtMObyGa7LglPunr3DCPE="
        },
        "q-io": {
            "version": "1.13.4",
            "resolved": "https://registry.npmjs.org/q-io/-/q-io-1.13.4.tgz",
            "integrity": "sha1-qWoKBOomraP3+kMut0LUhscs/y0=",
            "requires": {
                "collections": "0.2.2",
                "mime": "1.4.0",
                "mimeparse": "0.1.4",
                "q": "1.5.0",
                "qs": "6.5.1",
                "url2": "0.0.0"
            },
            "dependencies": {
                "collections": {
                    "version": "0.2.2",
                    "resolved": "https://registry.npmjs.org/collections/-/collections-0.2.2.tgz",
                    "integrity": "sha1-HyMCay7zb5J+7MkB6ZxfDUj6M04=",
                    "requires": {
                        "weak-map": "1.0.0"
                    }
                },
                "weak-map": {
                    "version": "1.0.0",
                    "resolved": "https://registry.npmjs.org/weak-map/-/weak-map-1.0.0.tgz",
                    "integrity": "sha1-tm5Wqd8L0lp2u/G1FNsSkIBhSjc="
                }
            }
        },
        "qs": {
            "version": "6.5.1",
            "resolved": "https://registry.npmjs.org/qs/-/qs-6.5.1.tgz",
            "integrity": "sha512-eRzhrN1WSINYCDCbrz796z37LOe3m5tmW7RQf6oBntukAG1nmovJvhnwHHRMAfeoItc1m2Hk02WER2aQ/iqs+A=="
        },
        "readable-stream": {
            "version": "1.0.34",
            "resolved": "https://registry.npmjs.org/readable-stream/-/readable-stream-1.0.34.tgz",
            "integrity": "sha1-Elgg40vIQtLyqq+v5MKRbuMsFXw=",
            "requires": {
                "core-util-is": "1.0.2",
                "inherits": "2.0.3",
                "isarray": "0.0.1",
                "string_decoder": "0.10.31"
            }
        },
        "semver": {
            "version": "5.4.1",
            "resolved": "https://registry.npmjs.org/semver/-/semver-5.4.1.tgz",
            "integrity": "sha512-WfG/X9+oATh81XtllIo/I8gOiY9EXRdv1cQdyykeXK17YcUW3EXUAi2To4pcH6nZtJPr7ZOpM5OMyWJZm+8Rsg==",
            "dev": true
        },
        "shelljs": {
            "version": "0.3.0",
            "resolved": "https://registry.npmjs.org/shelljs/-/shelljs-0.3.0.tgz",
            "integrity": "sha1-NZbmMHp4FUT1kfN9phg2DzHbV7E="
        },
        "sigmund": {
            "version": "1.0.1",
            "resolved": "https://registry.npmjs.org/sigmund/-/sigmund-1.0.1.tgz",
            "integrity": "sha1-P/IfGYytIXX587eBhT/ZTQ0ZtZA=",
            "dev": true
        },
        "string_decoder": {
            "version": "0.10.31",
            "resolved": "https://registry.npmjs.org/string_decoder/-/string_decoder-0.10.31.tgz",
            "integrity": "sha1-YuIDvEF2bGwoyfyEMB2rHFMQ+pQ="
        },
        "strip-json-comments": {
            "version": "1.0.4",
            "resolved": "https://registry.npmjs.org/strip-json-comments/-/strip-json-comments-1.0.4.tgz",
            "integrity": "sha1-HhX7ysl9Pumb8tc7TGVrCCu6+5E="
        },
        "supports-color": {
            "version": "4.4.0",
            "resolved": "https://registry.npmjs.org/supports-color/-/supports-color-4.4.0.tgz",
            "integrity": "sha512-rKC3+DyXWgK0ZLKwmRsrkyHVZAjNkfzeehuFWdGGcqGDTZFH73+RH6S/RDAAxl9GusSjZSUWYLmT9N5pzXFOXQ==",
            "dev": true,
            "requires": {
                "has-flag": "2.0.0"
            }
        },
        "url2": {
            "version": "0.0.0",
            "resolved": "https://registry.npmjs.org/url2/-/url2-0.0.0.tgz",
            "integrity": "sha1-Tqq9HVw6yQ1iq0SFyZhCKGWgSxo="
        },
        "weak-map": {
            "version": "1.0.5",
            "resolved": "https://registry.npmjs.org/weak-map/-/weak-map-1.0.5.tgz",
            "integrity": "sha1-eWkVhNmGB/UHC9O3CkDmuyLkAes="
        },
        "wrappy": {
            "version": "1.0.2",
            "resolved": "https://registry.npmjs.org/wrappy/-/wrappy-1.0.2.tgz",
            "integrity": "sha1-tSQ9jz7BqjXxNkYFvA0QNuMKtp8="
        }
    }
}
